
Microsoft Visual Studio Solution File, Format Version 12.00
# Visual Studio Version 17
VisualStudioVersion = 17.3.32929.385
MinimumVisualStudioVersion = 10.0.40219.1
Project("{FAE04EC0-301F-11D3-BF4B-00C04F79EFBC}") = "DZ_ASP_Files_11_11_22", "DZ_ASP_Files_11_11_22\DZ_ASP_Files_11_11_22.csproj", "{AC1745B2-D0BF-40CD-8C1F-40D26572A495}"
EndProject
Global
	GlobalSection(SolutionConfigurationPlatforms) = preSolution
		Debug|Any CPU = Debug|Any CPU
		Release|Any CPU = Release|Any CPU
	EndGlobalSection
	GlobalSection(ProjectConfigurationPlatforms) = postSolution
		{AC1745B2-D0BF-40CD-8C1F-40D26572A495}.Debug|Any CPU.ActiveCfg = Debug|Any CPU
		{AC1745B2-D0BF-40CD-8C1F-40D26572A495}.Debug|Any CPU.Build.0 = Debug|Any CPU
		{AC1745B2-D0BF-40CD-8C1F-40D26572A495}.Release|Any CPU.ActiveCfg = Release|Any CPU
		{AC1745B2-D0BF-40CD-8C1F-40D26572A495}.Release|Any CPU.Build.0 = Release|Any CPU
	EndGlobalSection
	GlobalSection(SolutionProperties) = preSolution
		HideSolutionNode = FALSE
	EndGlobalSection
	GlobalSection(ExtensibilityGlobals) = postSolution
		SolutionGuid = {4D14CE39-9B3F-4A8A-A585-FEE79442FC6E}
	EndGlobalSection
EndGlobal
